
Microsoft Visual Studio Solution File, Format Version 12.00
# Visual Studio Version 16
VisualStudioVersion = 16.0.30907.101
MinimumVisualStudioVersion = 10.0.40219.1
Project("{FAE04EC0-301F-11D3-BF4B-00C04F79EFBC}") = "LabRob1.2", "LabRob1.2.csproj", "{F55ED9A6-25A8-4BB1-B893-0376BBDD2EC8}"
EndProject
Global
	GlobalSection(SolutionConfigurationPlatforms) = preSolution
		Debug|Any CPU = Debug|Any CPU
		Release|Any CPU = Release|Any CPU
	EndGlobalSection
	GlobalSection(ProjectConfigurationPlatforms) = postSolution
		{F55ED9A6-25A8-4BB1-B893-0376BBDD2EC8}.Debug|Any CPU.ActiveCfg = Debug|Any CPU
		{F55ED9A6-25A8-4BB1-B893-0376BBDD2EC8}.Debug|Any CPU.Build.0 = Debug|Any CPU
		{F55ED9A6-25A8-4BB1-B893-0376BBDD2EC8}.Release|Any CPU.ActiveCfg = Release|Any CPU
		{F55ED9A6-25A8-4BB1-B893-0376BBDD2EC8}.Release|Any CPU.Build.0 = Release|Any CPU
	EndGlobalSection
	GlobalSection(SolutionProperties) = preSolution
		HideSolutionNode = FALSE
	EndGlobalSection
	GlobalSection(ExtensibilityGlobals) = postSolution
		SolutionGuid = {DBF45307-E81E-411B-932A-7B5C393C2EC1}
	EndGlobalSection
EndGlobal
